
Microsoft Visual Studio Solution File, Format Version 12.00
# Visual Studio 15
VisualStudioVersion = 15.0.28307.757
MinimumVisualStudioVersion = 10.0.40219.1
Project("{FAE04EC0-301F-11D3-BF4B-00C04F79EFBC}") = "M_Roman_WebApi", "M_Roman_WebApi\M_Roman_WebApi.csproj", "{4C6C7D41-38A9-42D5-8265-FDB25D0E7059}"
EndProject
Global
	GlobalSection(SolutionConfigurationPlatforms) = preSolution
		Debug|Any CPU = Debug|Any CPU
		Release|Any CPU = Release|Any CPU
	EndGlobalSection
	GlobalSection(ProjectConfigurationPlatforms) = postSolution
		{4C6C7D41-38A9-42D5-8265-FDB25D0E7059}.Debug|Any CPU.ActiveCfg = Debug|Any CPU
		{4C6C7D41-38A9-42D5-8265-FDB25D0E7059}.Debug|Any CPU.Build.0 = Debug|Any CPU
		{4C6C7D41-38A9-42D5-8265-FDB25D0E7059}.Release|Any CPU.ActiveCfg = Release|Any CPU
		{4C6C7D41-38A9-42D5-8265-FDB25D0E7059}.Release|Any CPU.Build.0 = Release|Any CPU
	EndGlobalSection
	GlobalSection(SolutionProperties) = preSolution
		HideSolutionNode = FALSE
	EndGlobalSection
	GlobalSection(ExtensibilityGlobals) = postSolution
		SolutionGuid = {AD09CE13-C753-4A40-BD5F-40526D5D247F}
	EndGlobalSection
EndGlobal
